{
  "requires": true,
  "lockfileVersion": 1,
  "dependencies": {
    "jw-paginate": {
      "version": "1.0.4",
      "resolved": "https://registry.npmjs.org/jw-paginate/-/jw-paginate-1.0.4.tgz",
      "integrity": "sha512-W0bv782exgCoynUL/egbRpaYwf/r6T6e02H870H5u3hfSgEYrxgz5POwmFF5aApS6iPi6yhZ0VF8IbafNFsntA=="
    },
    "jw-vue-pagination": {
      "version": "1.0.3",
      "resolved": "https://registry.npmjs.org/jw-vue-pagination/-/jw-vue-pagination-1.0.3.tgz",
      "integrity": "sha512-85BV/5maL87mykKH8GBGRsi23p7yVsA4Y8dakCMQNbt/7wOJEqDtOySq5xm1xaudVO4UOp+0lbzUiTrHvXfr+A==",
      "requires": {
        "jw-paginate": "^1.0.4"
      }
    },
    "sweetalert2": {
      "version": "8.19.0",
      "resolved": "https://registry.npmjs.org/sweetalert2/-/sweetalert2-8.19.0.tgz",
      "integrity": "sha512-nFL++N3bitkEkd487Tv4i5ZxusmnoAAXHjtk7lp603Opxb8wlvVnz3hqa7qiIw6QFL04JC810E6qVQNf8s0vYQ=="
    },
    "vue-simple-alert": {
      "version": "1.1.1",
      "resolved": "https://registry.npmjs.org/vue-simple-alert/-/vue-simple-alert-1.1.1.tgz",
      "integrity": "sha512-iyQorOyO9Ar+bgvvyshQtkgvXTocR3hu0D1PD6R9mEJ1M3JWvjFg5UoL5rIqmqhkfMg6lzwMW9Bu6iwHUdcqig==",
      "requires": {
        "sweetalert2": "^8.18.6"
      }
    }
  }
}
